// !$*UTF8*$!
{
	archiveVersion = 1;
	classes = {
	};
	objectVersion = 56;
	objects = {

/* Begin PBXBuildFile section */
		30AEB4A32A38DF4D0012F06F /* AppDelegate.swift in Sources */ = {isa = PBXBuildFile; fileRef = 30AEB4A22A38DF4D0012F06F /* AppDelegate.swift */; };
		30AEB4A52A38DF4D0012F06F /* SceneDelegate.swift in Sources */ = {isa = PBXBuildFile; fileRef = 30AEB4A42A38DF4D0012F06F /* SceneDelegate.swift */; };
		30AEB4A72A38DF4D0012F06F /* RandAnimationViewController.swift in Sources */ = {isa = PBXBuildFile; fileRef = 30AEB4A62A38DF4D0012F06F /* RandAnimationViewController.swift */; };
		30AEB4AA2A38DF4D0012F06F /* Main.storyboard in Resources */ = {isa = PBXBuildFile; fileRef = 30AEB4A82A38DF4D0012F06F /* Main.storyboard */; };
		30AEB4AC2A38DF4E0012F06F /* Assets.xcassets in Resources */ = {isa = PBXBuildFile; fileRef = 30AEB4AB2A38DF4E0012F06F /* Assets.xcassets */; };
		30AEB4AF2A38DF4E0012F06F /* LaunchScreen.storyboard in Resources */ = {isa = PBXBuildFile; fileRef = 30AEB4AD2A38DF4E0012F06F /* LaunchScreen.storyboard */; };
		30AEB4BC2A38E5BA0012F06F /* SpringAnimation in Frameworks */ = {isa = PBXBuildFile; productRef = 30AEB4BB2A38E5BA0012F06F /* SpringAnimation */; };
		30AEB4BE2A38EB960012F06F /* Animations.swift in Sources */ = {isa = PBXBuildFile; fileRef = 30AEB4BD2A38EB960012F06F /* Animations.swift */; };
		30AEB4C12A38EC4A0012F06F /* DataStore.swift in Sources */ = {isa = PBXBuildFile; fileRef = 30AEB4C02A38EC4A0012F06F /* DataStore.swift */; };
/* End PBXBuildFile section */

/* Begin PBXFileReference section */
		30AEB49F2A38DF4D0012F06F /* RandomAnimation.app */ = {isa = PBXFileReference; explicitFileType = wrapper.application; includeInIndex = 0; path = RandomAnimation.app; sourceTree = BUILT_PRODUCTS_DIR; };
		30AEB4A22A38DF4D0012F06F /* AppDelegate.swift */ = {isa = PBXFileReference; lastKnownFileType = sourcecode.swift; path = AppDelegate.swift; sourceTree = "<group>"; };
		30AEB4A42A38DF4D0012F06F /* SceneDelegate.swift */ = {isa = PBXFileReference; lastKnownFileType = sourcecode.swift; path = SceneDelegate.swift; sourceTree = "<group>"; };
		30AEB4A62A38DF4D0012F06F /* RandAnimationViewController.swift */ = {isa = PBXFileReference; lastKnownFileType = sourcecode.swift; path = RandAnimationViewController.swift; sourceTree = "<group>"; };
		30AEB4A92A38DF4D0012F06F /* Base */ = {isa = PBXFileReference; lastKnownFileType = file.storyboard; name = Base; path = Base.lproj/Main.storyboard; sourceTree = "<group>"; };
		30AEB4AB2A38DF4E0012F06F /* Assets.xcassets */ = {isa = PBXFileReference; lastKnownFileType = folder.assetcatalog; path = Assets.xcassets; sourceTree = "<group>"; };
		30AEB4AE2A38DF4E0012F06F /* Base */ = {isa = PBXFileReference; lastKnownFileType = file.storyboard; name = Base; path = Base.lproj/LaunchScreen.storyboard; sourceTree = "<group>"; };
		30AEB4B02A38DF4E0012F06F /* Info.plist */ = {isa = PBXFileReference; lastKnownFileType = text.plist.xml; path = Info.plist; sourceTree = "<group>"; };
		30AEB4BD2A38EB960012F06F /* Animations.swift */ = {isa = PBXFileReference; lastKnownFileType = sourcecode.swift; path = Animations.swift; sourceTree = "<group>"; };
		30AEB4C02A38EC4A0012F06F /* DataStore.swift */ = {isa = PBXFileReference; lastKnownFileType = sourcecode.swift; path = DataStore.swift; sourceTree = "<group>"; };
/* End PBXFileReference section */

/* Begin PBXFrameworksBuildPhase section */
		30AEB49C2A38DF4D0012F06F /* Frameworks */ = {
			isa = PBXFrameworksBuildPhase;
			buildActionMask = 2147483647;
			files = (
				30AEB4BC2A38E5BA0012F06F /* SpringAnimation in Frameworks */,
			);
			runOnlyForDeploymentPostprocessing = 0;
		};
/* End PBXFrameworksBuildPhase section */

/* Begin PBXGroup section */
		30AEB4962A38DF4D0012F06F = {
			isa = PBXGroup;
			children = (
				30AEB4A12A38DF4D0012F06F /* RandomAnimation */,
				30AEB4A02A38DF4D0012F06F /* Products */,
			);
			sourceTree = "<group>";
		};
		30AEB4A02A38DF4D0012F06F /* Products */ = {
			isa = PBXGroup;
			children = (
				30AEB49F2A38DF4D0012F06F /* RandomAnimation.app */,
			);
			name = Products;
			sourceTree = "<group>";
		};
		30AEB4A12A38DF4D0012F06F /* RandomAnimation */ = {
			isa = PBXGroup;
			children = (
				30AEB4C22A38F0910012F06F /* Services */,
				30AEB4BF2A38EC2C0012F06F /* Models */,
				30AEB4B92A38E0CF0012F06F /* Resources */,
				30AEB4B82A38DFC60012F06F /* App */,
				30AEB4B72A38DF9F0012F06F /* StoryBoard */,
				30AEB4B62A38DF850012F06F /* ViewControllers */,
			);
			path = RandomAnimation;
			sourceTree = "<group>";
		};
		30AEB4B62A38DF850012F06F /* ViewControllers */ = {
			isa = PBXGroup;
			children = (
				30AEB4A62A38DF4D0012F06F /* RandAnimationViewController.swift */,
			);
			path = ViewControllers;
			sourceTree = "<group>";
		};
		30AEB4B72A38DF9F0012F06F /* StoryBoard */ = {
			isa = PBXGroup;
			children = (
				30AEB4A82A38DF4D0012F06F /* Main.storyboard */,
				30AEB4AD2A38DF4E0012F06F /* LaunchScreen.storyboard */,
			);
			path = StoryBoard;
			sourceTree = "<group>";
		};
		30AEB4B82A38DFC60012F06F /* App */ = {
			isa = PBXGroup;
			children = (
				30AEB4B02A38DF4E0012F06F /* Info.plist */,
				30AEB4A42A38DF4D0012F06F /* SceneDelegate.swift */,
				30AEB4A22A38DF4D0012F06F /* AppDelegate.swift */,
			);
			path = App;
			sourceTree = "<group>";
		};
		30AEB4B92A38E0CF0012F06F /* Resources */ = {
			isa = PBXGroup;
			children = (
				30AEB4AB2A38DF4E0012F06F /* Assets.xcassets */,
			);
			path = Resources;
			sourceTree = "<group>";
		};
		30AEB4BF2A38EC2C0012F06F /* Models */ = {
			isa = PBXGroup;
			children = (
				30AEB4BD2A38EB960012F06F /* Animations.swift */,
			);
			path = Models;
			sourceTree = "<group>";
		};
		30AEB4C22A38F0910012F06F /* Services */ = {
			isa = PBXGroup;
			children = (
				30AEB4C02A38EC4A0012F06F /* DataStore.swift */,
			);
			path = Services;
			sourceTree = "<group>";
		};
/* End PBXGroup section */

/* Begin PBXNativeTarget section */
		30AEB49E2A38DF4D0012F06F /* RandomAnimation */ = {
			isa = PBXNativeTarget;
			buildConfigurationList = 30AEB4B32A38DF4E0012F06F /* Build configuration list for PBXNativeTarget "RandomAnimation" */;
			buildPhases = (
				30AEB49B2A38DF4D0012F06F /* Sources */,
				30AEB49C2A38DF4D0012F06F /* Frameworks */,
				30AEB49D2A38DF4D0012F06F /* Resources */,
			);
			buildRules = (
			);
			dependencies = (
			);
			name = RandomAnimation;
			packageProductDependencies = (
				30AEB4BB2A38E5BA0012F06F /* SpringAnimation */,
			);
			productName = RandomAnimation;
			productReference = 30AEB49F2A38DF4D0012F06F /* RandomAnimation.app */;
			productType = "com.apple.product-type.application";
		};
/* End PBXNativeTarget section */

/* Begin PBXProject section */
		30AEB4972A38DF4D0012F06F /* Project object */ = {
			isa = PBXProject;
			attributes = {
				BuildIndependentTargetsInParallel = 1;
				LastSwiftUpdateCheck = 1430;
				LastUpgradeCheck = 1430;
				TargetAttributes = {
					30AEB49E2A38DF4D0012F06F = {
						CreatedOnToolsVersion = 14.3.1;
					};
				};
			};
			buildConfigurationList = 30AEB49A2A38DF4D0012F06F /* Build configuration list for PBXProject "RandomAnimation" */;
			compatibilityVersion = "Xcode 14.0";
			developmentRegion = en;
			hasScannedForEncodings = 0;
			knownRegions = (
				en,
				Base,
			);
			mainGroup = 30AEB4962A38DF4D0012F06F;
			packageReferences = (
				30AEB4BA2A38E5BA0012F06F /* XCRemoteSwiftPackageReference "SpringAnimation" */,
			);
			productRefGroup = 30AEB4A02A38DF4D0012F06F /* Products */;
			projectDirPath = "";
			projectRoot = "";
			targets = (
				30AEB49E2A38DF4D0012F06F /* RandomAnimation */,
			);
		};
/* End PBXProject section */

/* Begin PBXResourcesBuildPhase section */
		30AEB49D2A38DF4D0012F06F /* Resources */ = {
			isa = PBXResourcesBuildPhase;
			buildActionMask = 2147483647;
			files = (
				30AEB4AF2A38DF4E0012F06F /* LaunchScreen.storyboard in Resources */,
				30AEB4AC2A38DF4E0012F06F /* Assets.xcassets in Resources */,
				30AEB4AA2A38DF4D0012F06F /* Main.storyboard in Resources */,
			);
			runOnlyForDeploymentPostprocessing = 0;
		};
/* End PBXResourcesBuildPhase section */

/* Begin PBXSourcesBuildPhase section */
		30AEB49B2A38DF4D0012F06F /* Sources */ = {
			isa = PBXSourcesBuildPhase;
			buildActionMask = 2147483647;
			files = (
				30AEB4A72A38DF4D0012F06F /* RandAnimationViewController.swift in Sources */,
				30AEB4A32A38DF4D0012F06F /* AppDelegate.swift in Sources */,
				30AEB4BE2A38EB960012F06F /* Animations.swift in Sources */,
				30AEB4C12A38EC4A0012F06F /* DataStore.swift in Sources */,
				30AEB4A52A38DF4D0012F06F /* SceneDelegate.swift in Sources */,
			);
			runOnlyForDeploymentPostprocessing = 0;
		};
/* End PBXSourcesBuildPhase section */

/* Begin PBXVariantGroup section */
		30AEB4A82A38DF4D0012F06F /* Main.storyboard */ = {
			isa = PBXVariantGroup;
			children = (
				30AEB4A92A38DF4D0012F06F /* Base */,
			);
			name = Main.storyboard;
			sourceTree = "<group>";
		};
		30AEB4AD2A38DF4E0012F06F /* LaunchScreen.storyboard */ = {
			isa = PBXVariantGroup;
			children = (
				30AEB4AE2A38DF4E0012F06F /* Base */,
			);
			name = LaunchScreen.storyboard;
			sourceTree = "<group>";
		};
/* End PBXVariantGroup section */

/* Begin XCBuildConfiguration section */
		30AEB4B12A38DF4E0012F06F /* Debug */ = {
			isa = XCBuildConfiguration;
			buildSettings = {
				ALWAYS_SEARCH_USER_PATHS = NO;
				CLANG_ANALYZER_NONNULL = YES;
				CLANG_ANALYZER_NUMBER_OBJECT_CONVERSION = YES_AGGRESSIVE;
				CLANG_CXX_LANGUAGE_STANDARD = "gnu++20";
				CLANG_ENABLE_MODULES = YES;
				CLANG_ENABLE_OBJC_ARC = YES;
				CLANG_ENABLE_OBJC_WEAK = YES;
				CLANG_WARN_BLOCK_CAPTURE_AUTORELEASING = YES;
				CLANG_WARN_BOOL_CONVERSION = YES;
				CLANG_WARN_COMMA = YES;
				CLANG_WARN_CONSTANT_CONVERSION = YES;
				CLANG_WARN_DEPRECATED_OBJC_IMPLEMENTATIONS = YES;
				CLANG_WARN_DIRECT_OBJC_ISA_USAGE = YES_ERROR;
				CLANG_WARN_DOCUMENTATION_COMMENTS = YES;
				CLANG_WARN_EMPTY_BODY = YES;
				CLANG_WARN_ENUM_CONVERSION = YES;
				CLANG_WARN_INFINITE_RECURSION = YES;
				CLANG_WARN_INT_CONVERSION = YES;
				CLANG_WARN_NON_LITERAL_NULL_CONVERSION = YES;
				CLANG_WARN_OBJC_IMPLICIT_RETAIN_SELF = YES;
				CLANG_WARN_OBJC_LITERAL_CONVERSION = YES;
				CLANG_WARN_OBJC_ROOT_CLASS = YES_ERROR;
				CLANG_WARN_QUOTED_INCLUDE_IN_FRAMEWORK_HEADER = YES;
				CLANG_WARN_RANGE_LOOP_ANALYSIS = YES;
				CLANG_WARN_STRICT_PROTOTYPES = YES;
				CLANG_WARN_SUSPICIOUS_MOVE = YES;
				CLANG_WARN_UNGUARDED_AVAILABILITY = YES_AGGRESSIVE;
				CLANG_WARN_UNREACHABLE_CODE = YES;
				CLANG_WARN__DUPLICATE_METHOD_MATCH = YES;
				COPY_PHASE_STRIP = NO;
				DEBUG_INFORMATION_FORMAT = dwarf;
				ENABLE_STRICT_OBJC_MSGSEND = YES;
				ENABLE_TESTABILITY = YES;
				GCC_C_LANGUAGE_STANDARD = gnu11;
				GCC_DYNAMIC_NO_PIC = NO;
				GCC_NO_COMMON_BLOCKS = YES;
				GCC_OPTIMIZATION_LEVEL = 0;
				GCC_PREPROCESSOR_DEFINITIONS = (
					"DEBUG=1",
					"$(inherited)",
				);
				GCC_WARN_64_TO_32_BIT_CONVERSION = YES;
				GCC_WARN_ABOUT_RETURN_TYPE = YES_ERROR;
				GCC_WARN_UNDECLARED_SELECTOR = YES;
				GCC_WARN_UNINITIALIZED_AUTOS = YES_AGGRESSIVE;
				GCC_WARN_UNUSED_FUNCTION = YES;
				GCC_WARN_UNUSED_VARIABLE = YES;
				IPHONEOS_DEPLOYMENT_TARGET = 16.4;
				MTL_ENABLE_DEBUG_INFO = INCLUDE_SOURCE;
				MTL_FAST_MATH = YES;
				ONLY_ACTIVE_ARCH = YES;
				SDKROOT = iphoneos;
				SWIFT_ACTIVE_COMPILATION_CONDITIONS = DEBUG;
				SWIFT_OPTIMIZATION_LEVEL = "-Onone";
			};
			name = Debug;
		};
		30AEB4B22A38DF4E0012F06F /* Release */ = {
			isa = XCBuildConfiguration;
			buildSettings = {
				ALWAYS_SEARCH_USER_PATHS = NO;
				CLANG_ANALYZER_NONNULL = YES;
				CLANG_ANALYZER_NUMBER_OBJECT_CONVERSION = YES_AGGRESSIVE;
				CLANG_CXX_LANGUAGE_STANDARD = "gnu++20";
				CLANG_ENABLE_MODULES = YES;
				CLANG_ENABLE_OBJC_ARC = YES;
				CLANG_ENABLE_OBJC_WEAK = YES;
				CLANG_WARN_BLOCK_CAPTURE_AUTORELEASING = YES;
				CLANG_WARN_BOOL_CONVERSION = YES;
				CLANG_WARN_COMMA = YES;
				CLANG_WARN_CONSTANT_CONVERSION = YES;
				CLANG_WARN_DEPRECATED_OBJC_IMPLEMENTATIONS = YES;
				CLANG_WARN_DIRECT_OBJC_ISA_USAGE = YES_ERROR;
				CLANG_WARN_DOCUMENTATION_COMMENTS = YES;
				CLANG_WARN_EMPTY_BODY = YES;
				CLANG_WARN_ENUM_CONVERSION = YES;
				CLANG_WARN_INFINITE_RECURSION = YES;
				CLANG_WARN_INT_CONVERSION = YES;
				CLANG_WARN_NON_LITERAL_NULL_CONVERSION = YES;
				CLANG_WARN_OBJC_IMPLICIT_RETAIN_SELF = YES;
				CLANG_WARN_OBJC_LITERAL_CONVERSION = YES;
				CLANG_WARN_OBJC_ROOT_CLASS = YES_ERROR;
				CLANG_WARN_QUOTED_INCLUDE_IN_FRAMEWORK_HEADER = YES;
				CLANG_WARN_RANGE_LOOP_ANALYSIS = YES;
				CLANG_WARN_STRICT_PROTOTYPES = YES;
				CLANG_WARN_SUSPICIOUS_MOVE = YES;
				CLANG_WARN_UNGUARDED_AVAILABILITY = YES_AGGRESSIVE;
				CLANG_WARN_UNREACHABLE_CODE = YES;
				CLANG_WARN__DUPLICATE_METHOD_MATCH = YES;
				COPY_PHASE_STRIP = NO;
				DEBUG_INFORMATION_FORMAT = "dwarf-with-dsym";
				ENABLE_NS_ASSERTIONS = NO;
				ENABLE_STRICT_OBJC_MSGSEND = YES;
				GCC_C_LANGUAGE_STANDARD = gnu11;
				GCC_NO_COMMON_BLOCKS = YES;
				GCC_WARN_64_TO_32_BIT_CONVERSION = YES;
				GCC_WARN_ABOUT_RETURN_TYPE = YES_ERROR;
				GCC_WARN_UNDECLARED_SELECTOR = YES;
				GCC_WARN_UNINITIALIZED_AUTOS = YES_AGGRESSIVE;
				GCC_WARN_UNUSED_FUNCTION = YES;
				GCC_WARN_UNUSED_VARIABLE = YES;
				IPHONEOS_DEPLOYMENT_TARGET = 16.4;
				MTL_ENABLE_DEBUG_INFO = NO;
				MTL_FAST_MATH = YES;
				SDKROOT = iphoneos;
				SWIFT_COMPILATION_MODE = wholemodule;
				SWIFT_OPTIMIZATION_LEVEL = "-O";
				VALIDATE_PRODUCT = YES;
			};
			name = Release;
		};
		30AEB4B42A38DF4E0012F06F /* Debug */ = {
			isa = XCBuildConfiguration;
			buildSettings = {
				ASSETCATALOG_COMPILER_APPICON_NAME = AppIcon;
				ASSETCATALOG_COMPILER_GLOBAL_ACCENT_COLOR_NAME = AccentColor;
				CODE_SIGN_STYLE = Automatic;
				CURRENT_PROJECT_VERSION = 1;
				DEVELOPMENT_TEAM = AR6AN34RS9;
				GENERATE_INFOPLIST_FILE = YES;
				INFOPLIST_FILE = RandomAnimation/App/Info.plist;
				INFOPLIST_KEY_UIApplicationSupportsIndirectInputEvents = YES;
				INFOPLIST_KEY_UILaunchStoryboardName = LaunchScreen;
				INFOPLIST_KEY_UIMainStoryboardFile = Main;
				INFOPLIST_KEY_UISupportedInterfaceOrientations_iPad = "UIInterfaceOrientationPortrait UIInterfaceOrientationPortraitUpsideDown UIInterfaceOrientationLandscapeLeft UIInterfaceOrientationLandscapeRight";
				INFOPLIST_KEY_UISupportedInterfaceOrientations_iPhone = "UIInterfaceOrientationPortrait UIInterfaceOrientationLandscapeLeft UIInterfaceOrientationLandscapeRight";
				LD_RUNPATH_SEARCH_PATHS = (
					"$(inherited)",
					"@executable_path/Frameworks",
				);
				MARKETING_VERSION = 1.0;
				PRODUCT_BUNDLE_IDENTIFIER = home.RandomAnimation;
				PRODUCT_NAME = "$(TARGET_NAME)";
				SUPPORTED_PLATFORMS = "iphoneos iphonesimulator";
				SUPPORTS_MACCATALYST = NO;
				SUPPORTS_MAC_DESIGNED_FOR_IPHONE_IPAD = NO;
				SWIFT_EMIT_LOC_STRINGS = YES;
				SWIFT_VERSION = 5.0;
				TARGETED_DEVICE_FAMILY = 1;
			};
			name = Debug;
		};
		30AEB4B52A38DF4E0012F06F /* Release */ = {
			isa = XCBuildConfiguration;
			buildSettings = {
				ASSETCATALOG_COMPILER_APPICON_NAME = AppIcon;
				ASSETCATALOG_COMPILER_GLOBAL_ACCENT_COLOR_NAME = AccentColor;
				CODE_SIGN_STYLE = Automatic;
				CURRENT_PROJECT_VERSION = 1;
				DEVELOPMENT_TEAM = AR6AN34RS9;
				GENERATE_INFOPLIST_FILE = YES;
				INFOPLIST_FILE = RandomAnimation/App/Info.plist;
				INFOPLIST_KEY_UIApplicationSupportsIndirectInputEvents = YES;
				INFOPLIST_KEY_UILaunchStoryboardName = LaunchScreen;
				INFOPLIST_KEY_UIMainStoryboardFile = Main;
				INFOPLIST_KEY_UISupportedInterfaceOrientations_iPad = "UIInterfaceOrientationPortrait UIInterfaceOrientationPortraitUpsideDown UIInterfaceOrientationLandscapeLeft UIInterfaceOrientationLandscapeRight";
				INFOPLIST_KEY_UISupportedInterfaceOrientations_iPhone = "UIInterfaceOrientationPortrait UIInterfaceOrientationLandscapeLeft UIInterfaceOrientationLandscapeRight";
				LD_RUNPATH_SEARCH_PATHS = (
					"$(inherited)",
					"@executable_path/Frameworks",
				);
				MARKETING_VERSION = 1.0;
				PRODUCT_BUNDLE_IDENTIFIER = home.RandomAnimation;
				PRODUCT_NAME = "$(TARGET_NAME)";
				SUPPORTED_PLATFORMS = "iphoneos iphonesimulator";
				SUPPORTS_MACCATALYST = NO;
				SUPPORTS_MAC_DESIGNED_FOR_IPHONE_IPAD = NO;
				SWIFT_EMIT_LOC_STRINGS = YES;
				SWIFT_VERSION = 5.0;
				TARGETED_DEVICE_FAMILY = 1;
			};
			name = Release;
		};
/* End XCBuildConfiguration section */

/* Begin XCConfigurationList section */
		30AEB49A2A38DF4D0012F06F /* Build configuration list for PBXProject "RandomAnimation" */ = {
			isa = XCConfigurationList;
			buildConfigurations = (
				30AEB4B12A38DF4E0012F06F /* Debug */,
				30AEB4B22A38DF4E0012F06F /* Release */,
			);
			defaultConfigurationIsVisible = 0;
			defaultConfigurationName = Release;
		};
		30AEB4B32A38DF4E0012F06F /* Build configuration list for PBXNativeTarget "RandomAnimation" */ = {
			isa = XCConfigurationList;
			buildConfigurations = (
				30AEB4B42A38DF4E0012F06F /* Debug */,
				30AEB4B52A38DF4E0012F06F /* Release */,
			);
			defaultConfigurationIsVisible = 0;
			defaultConfigurationName = Release;
		};
/* End XCConfigurationList section */

/* Begin XCRemoteSwiftPackageReference section */
		30AEB4BA2A38E5BA0012F06F /* XCRemoteSwiftPackageReference "SpringAnimation" */ = {
			isa = XCRemoteSwiftPackageReference;
			repositoryURL = "https://github.com/LexDeBash/SpringAnimation.git";
			requirement = {
				kind = upToNextMajorVersion;
				minimumVersion = 0.3.0;
			};
		};
/* End XCRemoteSwiftPackageReference section */

/* Begin XCSwiftPackageProductDependency section */
		30AEB4BB2A38E5BA0012F06F /* SpringAnimation */ = {
			isa = XCSwiftPackageProductDependency;
			package = 30AEB4BA2A38E5BA0012F06F /* XCRemoteSwiftPackageReference "SpringAnimation" */;
			productName = SpringAnimation;
		};
/* End XCSwiftPackageProductDependency section */
	};
	rootObject = 30AEB4972A38DF4D0012F06F /* Project object */;
}
